github.com/coder/websocket v1.8.14 h1:9L0p0iKiNOibykf283eHkKUHHrpG7f65OE3BhhO7v9g=
github.com/coder/websocket v1.8.14/go.mod h1:NX3SzP+inril6yawo5CQXx8+fk145lPDC6pumgx0mVg=
github.com/davecgh/go-spew v1.1.1 h1:vj9j/u1bqnvCEfJOwUhtlOARqs3+rkHYY13jYWTU97c=
github.com/davecgh/go-spew v1.1.1/go.mod h1:J7Y8YcW2NihsgmVo/mv3lAwl/skON4iLHjSsI+c5H38=
github.com/elazarl/goproxy v1.8.2 h1:keGt9KHFAnrXFEctQuOF9NRxKFCXtd5cQg5PrBdeVW4=
github.com/elazarl/goproxy v1.8.2/go.mod h1:b5xm6W48AUHNpRTCvlnd0YVh+JafCCtsLsJZvvNTz+E=
github.com/empijei/chans v0.0.0-20260309041521-2bfe9e405d56 h1:5V1zKW5ingK46yuD8cfINrbqmtMZUVV47yZsqF9wzzU=
github.com/empijei/chans v0.0.0-20260309041521-2bfe9e405d56/go.mod h1:dj0ZPMIDqi+WzutaGgQarLFtu7qLBos6o88J046aQCs=
github.com/empijei/srpc v0.0.0-20260305211441-0a09f63f9711 h1:dm99MAk0bZ/A44XWPgRAkTFFkoUlfJkGiC57z6KSKhU=
github.com/empijei/srpc v0.0.0-20260305211441-0a09f63f9711/go.mod h1:wszjkvad7KnaLvE+OFLmfIWwLzIZe1AjC+Pt6R/1Mqo=
github.com/empijei/tst v0.0.0-20260306213552-2a12dadad83d h1:36b0yU4f4UUxkYd8oPXH38uCKw9+rDDlW8ZTgcMvFbs=
github.com/empijei/tst v0.0.0-20260306213552-2a12dadad83d/go.mod h1:yhB/XtQiGBa0i7exjbB38IpwbxJm0Jk7y4j7pc+frM8=
github.com/google/go-cmp v0.7.0 h1:wk8382ETsv4JYUZwIsn6YpYiWiBsYLSJiTsyBybVuN8=
github.com/google/go-cmp v0.7.0/go.mod h1:pXiqmnSA92OHEEa9HXL2W4E7lf9JzCmGVUdgjX3N/iU=
github.com/pmezard/go-difflib v1.0.0 h1:4DBwDE0NGyQoBHbLQYPwSUPoCMWR5BEzIk/f1lZbAQM=
github.com/pmezard/go-difflib v1.0.0/go.mod h1:iKH77koFhYxTK1pcRnkKkqfTogsbg7gZNVY4sRDYZ/4=
github.com/stretchr/testify v1.11.1 h1:7s2iGBzp5EwR7/aIZr8ao5+dra3wiQyKjjFuvgVKu7U=
github.com/stretchr/testify v1.11.1/go.mod h1:wZwfW3scLgRK+23gO65QZefKpKQRnfz6sD981Nm4B6U=
golang.org/x/net v0.43.0 h1:lat02VYK2j4aLzMzecihNvTlJNQUq316m2Mr9rnM6YE=
golang.org/x/net v0.43.0/go.mod h1:vhO1fvI4dGsIjh73sWfUVjj3N7CA9WkKJNQm2svM6Jg=
golang.org/x/text v0.28.0 h1:rhazDwis8INMIwQ4tpjLDzUhx6RlXqZNPEM0huQojng=
golang.org/x/text v0.28.0/go.mod h1:U8nCwOR8jO/marOQ0QbDiOngZVEBB7MAiitBuMjXiNU=
gopkg.in/yaml.v3 v3.0.1 h1:fxVm/GzAzEWqLHuvctI91KS9hhNmmWOoWu0XTYJS7CA=
gopkg.in/yaml.v3 v3.0.1/go.mod h1:K4uyk7z7BCEPqu6E+C64Yfv1cQ7kz7rIZviUmN+EgEM=
